
Microsoft Visual Studio Solution File, Format Version 12.00
# Visual Studio 15
VisualStudioVersion = 15.0.27428.2015
MinimumVisualStudioVersion = 10.0.40219.1
Project("{888888A0-9F3D-457C-B088-3A5042F75D52}") = "science-jeapordy-2", "science-jeapordy-2.pyproj", "{FE0B789F-49AB-43C3-B5F8-2BCE9A73667D}"
EndProject
Global
	GlobalSection(SolutionConfigurationPlatforms) = preSolution
		Debug|Any CPU = Debug|Any CPU
		Release|Any CPU = Release|Any CPU
	EndGlobalSection
	GlobalSection(ProjectConfigurationPlatforms) = postSolution
		{FE0B789F-49AB-43C3-B5F8-2BCE9A73667D}.Debug|Any CPU.ActiveCfg = Debug|Any CPU
		{FE0B789F-49AB-43C3-B5F8-2BCE9A73667D}.Release|Any CPU.ActiveCfg = Release|Any CPU
	EndGlobalSection
	GlobalSection(SolutionProperties) = preSolution
		HideSolutionNode = FALSE
	EndGlobalSection
	GlobalSection(ExtensibilityGlobals) = postSolution
		SolutionGuid = {24DFDE06-1CDA-40FA-B2D6-66106EFFB6AB}
	EndGlobalSection
EndGlobal
